
Microsoft Visual Studio Solution File, Format Version 12.00
# Visual Studio 15
VisualStudioVersion = 15.0.28307.489
MinimumVisualStudioVersion = 10.0.40219.1
Project("{9A19103F-16F7-4668-BE54-9A1E7A4F7556}") = "MonteOlimpo.WebApi", "MonteOlimpo.WebApi\MonteOlimpo.WebApi.csproj", "{899D01C7-F1BB-487D-8ECD-A7C505EA508A}"
EndProject
Project("{9A19103F-16F7-4668-BE54-9A1E7A4F7556}") = "MonteOlimpo.Data", "MonteOlimpo.Data\MonteOlimpo.Data.csproj", "{EF70F07E-9E9F-4F8F-A102-89A1526D2FF3}"
EndProject
Project("{9A19103F-16F7-4668-BE54-9A1E7A4F7556}") = "MonteOlimpo.Repository", "MonteOlimpo.Repository\MonteOlimpo.Repository.csproj", "{E12B0532-B589-4F35-A186-A0163C54F8B6}"
EndProject
Project("{9A19103F-16F7-4668-BE54-9A1E7A4F7556}") = "MonteOlimpo.Domain", "MonteOlimpo.Domain\MonteOlimpo.Domain.csproj", "{F4B48ECD-3883-45A4-AC69-981FC609E0C7}"
EndProject
Project("{FAE04EC0-301F-11D3-BF4B-00C04F79EFBC}") = "MonteOlimpo.Test", "MonteOlimpo.Test\MonteOlimpo.Test.csproj", "{8359366F-1492-43ED-9C81-97E771791C91}"
EndProject
Project("{FAE04EC0-301F-11D3-BF4B-00C04F79EFBC}") = "MonteOlimpo.Service", "MonteOlimpo.Service\MonteOlimpo.Service.csproj", "{DC7FE1FB-AC8B-4036-BFA2-C0E41546094C}"
EndProject
Global
	GlobalSection(SolutionConfigurationPlatforms) = preSolution
		Debug|Any CPU = Debug|Any CPU
		Release|Any CPU = Release|Any CPU
	EndGlobalSection
	GlobalSection(ProjectConfigurationPlatforms) = postSolution
		{899D01C7-F1BB-487D-8ECD-A7C505EA508A}.Debug|Any CPU.ActiveCfg = Debug|Any CPU
		{899D01C7-F1BB-487D-8ECD-A7C505EA508A}.Debug|Any CPU.Build.0 = Debug|Any CPU
		{899D01C7-F1BB-487D-8ECD-A7C505EA508A}.Release|Any CPU.ActiveCfg = Release|Any CPU
		{899D01C7-F1BB-487D-8ECD-A7C505EA508A}.Release|Any CPU.Build.0 = Release|Any CPU
		{EF70F07E-9E9F-4F8F-A102-89A1526D2FF3}.Debug|Any CPU.ActiveCfg = Debug|Any CPU
		{EF70F07E-9E9F-4F8F-A102-89A1526D2FF3}.Debug|Any CPU.Build.0 = Debug|Any CPU
		{EF70F07E-9E9F-4F8F-A102-89A1526D2FF3}.Release|Any CPU.ActiveCfg = Release|Any CPU
		{EF70F07E-9E9F-4F8F-A102-89A1526D2FF3}.Release|Any CPU.Build.0 = Release|Any CPU
		{E12B0532-B589-4F35-A186-A0163C54F8B6}.Debug|Any CPU.ActiveCfg = Debug|Any CPU
		{E12B0532-B589-4F35-A186-A0163C54F8B6}.Debug|Any CPU.Build.0 = Debug|Any CPU
		{E12B0532-B589-4F35-A186-A0163C54F8B6}.Release|Any CPU.ActiveCfg = Release|Any CPU
		{E12B0532-B589-4F35-A186-A0163C54F8B6}.Release|Any CPU.Build.0 = Release|Any CPU
		{F4B48ECD-3883-45A4-AC69-981FC609E0C7}.Debug|Any CPU.ActiveCfg = Debug|Any CPU
		{F4B48ECD-3883-45A4-AC69-981FC609E0C7}.Debug|Any CPU.Build.0 = Debug|Any CPU
		{F4B48ECD-3883-45A4-AC69-981FC609E0C7}.Release|Any CPU.ActiveCfg = Release|Any CPU
		{F4B48ECD-3883-45A4-AC69-981FC609E0C7}.Release|Any CPU.Build.0 = Release|Any CPU
		{8359366F-1492-43ED-9C81-97E771791C91}.Debug|Any CPU.ActiveCfg = Debug|Any CPU
		{8359366F-1492-43ED-9C81-97E771791C91}.Debug|Any CPU.Build.0 = Debug|Any CPU
		{8359366F-1492-43ED-9C81-97E771791C91}.Release|Any CPU.ActiveCfg = Release|Any CPU
		{8359366F-1492-43ED-9C81-97E771791C91}.Release|Any CPU.Build.0 = Release|Any CPU
		{DC7FE1FB-AC8B-4036-BFA2-C0E41546094C}.Debug|Any CPU.ActiveCfg = Debug|Any CPU
		{DC7FE1FB-AC8B-4036-BFA2-C0E41546094C}.Debug|Any CPU.Build.0 = Debug|Any CPU
		{DC7FE1FB-AC8B-4036-BFA2-C0E41546094C}.Release|Any CPU.ActiveCfg = Release|Any CPU
		{DC7FE1FB-AC8B-4036-BFA2-C0E41546094C}.Release|Any CPU.Build.0 = Release|Any CPU
	EndGlobalSection
	GlobalSection(SolutionProperties) = preSolution
		HideSolutionNode = FALSE
	EndGlobalSection
	GlobalSection(ExtensibilityGlobals) = postSolution
		SolutionGuid = {BEC16926-8C6E-4594-AEC4-1A7B3B43DDDE}
	EndGlobalSection
EndGlobal
